<?xml version="1.0" encoding="utf-8"?>
<Project ToolsVersion="4.0" xmlns="http://schemas.microsoft.com/developer/msbuild/2003">
  <ItemGroup>
    <ClInclude Include="src\render\glcorearb.h" />
    <ClInclude Include="src\util\math.hpp" />
    <ClInclude Include="src\std\optional.hpp" />
    <ClInclude Include="src\ve.hpp" />
    <ClInclude Include="src\store.hpp" />
    <ClInclude Include="src\gui\gui.hpp" />
    <ClInclude Include="src\gui\panel.hpp" />
    <ClInclude Include="src\gui\sprite.hpp" />
    <ClInclude Include="src\gui\text_area.hpp" />
    <ClInclude Include="src\gui\text_button.hpp" />
    <ClInclude Include="src\gui\widget.hpp" />
    <ClInclude Include="src\render\font.hpp" />
    <ClInclude Include="src\render\model.hpp" />
    <ClInclude Include="src\render\open_gl.hpp" />
    <ClInclude Include="src\render\scene.hpp" />
    <ClInclude Include="src\render\shader.hpp" />
    <ClInclude Include="src\util\cache.hpp" />
    <ClInclude Include="src\util\config.hpp" />
    <ClInclude Include="src\util\interval.hpp" />
    <ClInclude Include="src\util\matrix.hpp" />
    <ClInclude Include="src\util\object_map.hpp" />
    <ClInclude Include="src\util\ptr.hpp" />
    <ClInclude Include="src\util\rect.hpp" />
    <ClInclude Include="src\util\serialize.hpp" />
    <ClInclude Include="src\util\stringutil.hpp" />
    <ClInclude Include="src\util\vector.hpp" />
    <ClInclude Include="src\window.hpp" />
    <ClInclude Include="src\gui\viewport.hpp" />
    <ClInclude Include="src\util\quaternion.hpp" />
    <ClInclude Include="src\util\ray.hpp" />
    <ClInclude Include="src\render\target.hpp" />
    <ClInclude Include="src\world\camera.hpp" />
    <ClInclude Include="src\world\entity.hpp" />
    <ClInclude Include="src\world\light.hpp" />
    <ClInclude Include="src\world\object.hpp" />
    <ClInclude Include="src\world\world.hpp" />
    <ClInclude Include="src\util\ptr_list.hpp" />
    <ClInclude Include="src\util\ptr_set.hpp" />
    <ClInclude Include="src\render\image.hpp" />
    <ClInclude Include="src\render\mesh.hpp" />
    <ClInclude Include="src\app.hpp" />
    <ClInclude Include="src\input_event.hpp" />
  </ItemGroup>
  <ItemGroup>
    <ClCompile Include="src\render\open_gl.cpp" />
    <ClCompile Include="src\render\shader.cpp" />
    <ClCompile Include="src\render\model.cpp" />
    <ClCompile Include="src\render\scene.cpp" />
    <ClCompile Include="src\util\stringutil.cpp" />
    <ClCompile Include="src\util\config.cpp" />
    <ClCompile Include="src\util\math.cpp" />
    <ClCompile Include="src\gui\gui.cpp" />
    <ClCompile Include="src\gui\panel.cpp" />
    <ClCompile Include="src\gui\sprite.cpp" />
    <ClCompile Include="src\gui\text_area.cpp" />
    <ClCompile Include="src\gui\text_button.cpp" />
    <ClCompile Include="src\gui\widget.cpp" />
    <ClCompile Include="src\window.cpp" />
    <ClCompile Include="src\render\font.cpp" />
    <ClCompile Include="src\ve.cpp" />
    <ClCompile Include="src\gui\viewport.cpp" />
    <ClCompile Include="src\render\target.cpp" />
    <ClCompile Include="src\world\camera.cpp" />
    <ClCompile Include="src\world\entity.cpp" />
    <ClCompile Include="src\world\light.cpp" />
    <ClCompile Include="src\world\object.cpp" />
    <ClCompile Include="src\world\world.cpp" />
    <ClCompile Include="src\render\image.cpp" />
    <ClCompile Include="src\render\mesh.cpp" />
    <ClCompile Include="src\app.cpp" />
    <ClCompile Include="src\input_event.cpp" />
  </ItemGroup>
</Project>