<?xml version="1.0" encoding="utf-8"?>
<Project ToolsVersion="4.0" xmlns="http://schemas.microsoft.com/developer/msbuild/2003">
  <ItemGroup>
    <ClInclude Include="src\vector.h" />
    <ClInclude Include="src\serialize.h" />
    <ClInclude Include="src\interval.h" />
    <ClInclude Include="src\rect.h" />
    <ClInclude Include="src\event.h" />
    <ClInclude Include="src\gui\element.h" />
    <ClInclude Include="src\gui\container.h" />
    <ClInclude Include="src\std\optional.hpp" />
    <ClInclude Include="src\ptr.h" />
    <ClInclude Include="src\open_gl.h" />
    <ClInclude Include="src\glcorearb.h" />
    <ClInclude Include="src\display.h" />
    <ClInclude Include="src\app.h" />
    <ClInclude Include="src\scene\entity.h" />
    <ClInclude Include="src\matrix.h" />
    <ClInclude Include="src\quaternion.h" />
    <ClInclude Include="src\ray.h" />
    <ClInclude Include="src\scene\camera.h" />
    <ClInclude Include="src\scene\light.h" />
    <ClInclude Include="src\vertex_buffer_object.h" />
    <ClInclude Include="src\texture.h" />
    <ClInclude Include="src\cache.h" />
    <ClInclude Include="src\shader.h" />
    <ClInclude Include="src\mesh.h" />
    <ClInclude Include="src\image.h" />
    <ClInclude Include="src\shader_code.h" />
    <ClInclude Include="src\util.h" />
    <ClInclude Include="src\material.h" />
    <ClInclude Include="src\model.h" />
    <ClInclude Include="src\uniform.h" />
    <ClInclude Include="src\scene\scene.h" />
    <ClInclude Include="src\gui\viewport.h" />
    <ClInclude Include="src\window.h" />
  </ItemGroup>
  <ItemGroup>
    <ClCompile Include="src\event.cpp" />
    <ClCompile Include="src\gui\element.cpp" />
    <ClCompile Include="src\gui\container.cpp" />
    <ClCompile Include="src\open_gl.cpp" />
    <ClCompile Include="src\display.cpp" />
    <ClCompile Include="src\app.cpp" />
    <ClCompile Include="src\scene\entity.cpp" />
    <ClCompile Include="src\scene\camera.cpp" />
    <ClCompile Include="src\scene\light.cpp" />
    <ClCompile Include="src\vertex_buffer_object.cpp" />
    <ClCompile Include="src\shader.cpp" />
    <ClCompile Include="src\texture.cpp" />
    <ClCompile Include="src\mesh.cpp" />
    <ClCompile Include="src\image.cpp" />
    <ClCompile Include="src\shader_code.cpp" />
    <ClCompile Include="src\util.cpp" />
    <ClCompile Include="src\material.cpp" />
    <ClCompile Include="src\model.cpp" />
    <ClCompile Include="src\uniform.cpp" />
    <ClCompile Include="src\scene\scene.cpp" />
    <ClCompile Include="src\gui\viewport.cpp" />
    <ClCompile Include="src\window.cpp" />
  </ItemGroup>
  <ItemGroup>
    <Text Include="src\!DESIGN.txt" />
  </ItemGroup>
</Project>